
Microsoft Visual Studio Solution File, Format Version 12.00
# Visual Studio Version 17
VisualStudioVersion = 17.6.33723.286
MinimumVisualStudioVersion = 10.0.40219.1
Project("{FAE04EC0-301F-11D3-BF4B-00C04F79EFBC}") = "deneme", "deneme\deneme.csproj", "{19512699-D24D-4FE7-AF6E-E9447EF86B36}"
EndProject
Global
	GlobalSection(SolutionConfigurationPlatforms) = preSolution
		Debug|Any CPU = Debug|Any CPU
		Release|Any CPU = Release|Any CPU
	EndGlobalSection
	GlobalSection(ProjectConfigurationPlatforms) = postSolution
		{19512699-D24D-4FE7-AF6E-E9447EF86B36}.Debug|Any CPU.ActiveCfg = Debug|Any CPU
		{19512699-D24D-4FE7-AF6E-E9447EF86B36}.Debug|Any CPU.Build.0 = Debug|Any CPU
		{19512699-D24D-4FE7-AF6E-E9447EF86B36}.Release|Any CPU.ActiveCfg = Release|Any CPU
		{19512699-D24D-4FE7-AF6E-E9447EF86B36}.Release|Any CPU.Build.0 = Release|Any CPU
	EndGlobalSection
	GlobalSection(SolutionProperties) = preSolution
		HideSolutionNode = FALSE
	EndGlobalSection
	GlobalSection(ExtensibilityGlobals) = postSolution
		SolutionGuid = {D66652B3-3BF5-41FE-A025-2426B5FAC7D5}
	EndGlobalSection
EndGlobal
